
Microsoft Visual Studio Solution File, Format Version 12.00
# Visual Studio 15
VisualStudioVersion = 15.0.27130.2010
MinimumVisualStudioVersion = 10.0.40219.1
Project("{FAE04EC0-301F-11D3-BF4B-00C04F79EFBC}") = "DataRelay", "DataRelay\DataRelay.csproj", "{D11C1FDF-8A50-45CD-9B61-747F86532329}"
EndProject
Global
	GlobalSection(SolutionConfigurationPlatforms) = preSolution
		Debug|Any CPU = Debug|Any CPU
		Release|Any CPU = Release|Any CPU
	EndGlobalSection
	GlobalSection(ProjectConfigurationPlatforms) = postSolution
		{D11C1FDF-8A50-45CD-9B61-747F86532329}.Debug|Any CPU.ActiveCfg = Debug|Any CPU
		{D11C1FDF-8A50-45CD-9B61-747F86532329}.Debug|Any CPU.Build.0 = Debug|Any CPU
		{D11C1FDF-8A50-45CD-9B61-747F86532329}.Release|Any CPU.ActiveCfg = Release|Any CPU
		{D11C1FDF-8A50-45CD-9B61-747F86532329}.Release|Any CPU.Build.0 = Release|Any CPU
	EndGlobalSection
	GlobalSection(SolutionProperties) = preSolution
		HideSolutionNode = FALSE
	EndGlobalSection
	GlobalSection(ExtensibilityGlobals) = postSolution
		SolutionGuid = {27025363-1328-495A-85AA-7C446478E89A}
	EndGlobalSection
EndGlobal
